
Microsoft Visual Studio Solution File, Format Version 12.00
# Visual Studio 14
VisualStudioVersion = 14.0.25420.1
MinimumVisualStudioVersion = 10.0.40219.1
Project("{8BC9CEB8-8B4A-11D0-8D11-00A0C91BC942}") = "Game", "Game\Game.vcxproj", "{BBB3CD39-1D7E-43CD-8F7A-EF15AB037490}"
	ProjectSection(ProjectDependencies) = postProject
		{162DC6AD-6BA8-4E1B-B2F6-D5CFB43A14BF} = {162DC6AD-6BA8-4E1B-B2F6-D5CFB43A14BF}
	EndProjectSection
EndProject
Project("{8BC9CEB8-8B4A-11D0-8D11-00A0C91BC942}") = "Launcher", "Launcher\Launcher.vcxproj", "{446A9C88-022C-4488-A92B-43BFAE2C7E6C}"
	ProjectSection(ProjectDependencies) = postProject
		{BBB3CD39-1D7E-43CD-8F7A-EF15AB037490} = {BBB3CD39-1D7E-43CD-8F7A-EF15AB037490}
		{162DC6AD-6BA8-4E1B-B2F6-D5CFB43A14BF} = {162DC6AD-6BA8-4E1B-B2F6-D5CFB43A14BF}
	EndProjectSection
EndProject
Project("{8BC9CEB8-8B4A-11D0-8D11-00A0C91BC942}") = "Engine", "Engine\Engine.vcxproj", "{162DC6AD-6BA8-4E1B-B2F6-D5CFB43A14BF}"
	ProjectSection(ProjectDependencies) = postProject
		{B001D18D-76CD-4735-B19F-601CB1BCAB04} = {B001D18D-76CD-4735-B19F-601CB1BCAB04}
	EndProjectSection
EndProject
Project("{8BC9CEB8-8B4A-11D0-8D11-00A0C91BC942}") = "Utilities", "Utilities\Utilities.vcxproj", "{B001D18D-76CD-4735-B19F-601CB1BCAB04}"
EndProject
Project("{8BC9CEB8-8B4A-11D0-8D11-00A0C91BC942}") = "Audio", "Wwise\Audio\Audio\Audio.vcxproj", "{B5915C8F-2AEF-4137-BCBE-152F819860CD}"
EndProject
Project("{8BC9CEB8-8B4A-11D0-8D11-00A0C91BC942}") = "DirectXTK_Desktop_2015", "DirectX\DirectXTK_Desktop_2015.vcxproj", "{E0B52AE7-E160-4D32-BF3F-910B785E5A8E}"
EndProject
Project("{8BC9CEB8-8B4A-11D0-8D11-00A0C91BC942}") = "Script", "Script\Script.vcxproj", "{8AD147C2-CC4C-4692-876D-0C30C63D8F77}"
EndProject
Project("{8BC9CEB8-8B4A-11D0-8D11-00A0C91BC942}") = "Component", "Component\Component.vcxproj", "{E2E48E82-0659-4A29-AADE-62B9E65BAE3D}"
EndProject
Project("{8BC9CEB8-8B4A-11D0-8D11-00A0C91BC942}") = "Console", "Console\Console.vcxproj", "{51D17B1B-7D97-4DA8-A902-F17D6DE138CE}"
EndProject
Project("{8BC9CEB8-8B4A-11D0-8D11-00A0C91BC942}") = "Collision", "Collision\Collision.vcxproj", "{1F058F72-D28B-4C62-A74E-F5395F6C35A8}"
EndProject
Project("{8BC9CEB8-8B4A-11D0-8D11-00A0C91BC942}") = "TServer", "TServer\TServer.vcxproj", "{461E0775-B5E4-4A23-80D3-DD69C07A44FA}"
EndProject
Project("{8BC9CEB8-8B4A-11D0-8D11-00A0C91BC942}") = "TShared", "TShared\TShared.vcxproj", "{ADBD4EB5-E36B-4338-90DD-53C299C9F77C}"
EndProject
Project("{8BC9CEB8-8B4A-11D0-8D11-00A0C91BC942}") = "TClient", "TClient\TClient.vcxproj", "{DF7198AB-1F25-4CE1-BAED-6A8BA762A249}"
EndProject
Global
	GlobalSection(SolutionConfigurationPlatforms) = preSolution
		Debug|x64 = Debug|x64
		Debug|x86 = Debug|x86
		DebugGraphics|x64 = DebugGraphics|x64
		DebugGraphics|x86 = DebugGraphics|x86
		Release|x64 = Release|x64
		Release|x86 = Release|x86
		Retail|x64 = Retail|x64
		Retail|x86 = Retail|x86
	EndGlobalSection
	GlobalSection(ProjectConfigurationPlatforms) = postSolution
		{BBB3CD39-1D7E-43CD-8F7A-EF15AB037490}.Debug|x64.ActiveCfg = Retail|x64
		{BBB3CD39-1D7E-43CD-8F7A-EF15AB037490}.Debug|x64.Build.0 = Retail|x64
		{BBB3CD39-1D7E-43CD-8F7A-EF15AB037490}.Debug|x86.ActiveCfg = Debug|Win32
		{BBB3CD39-1D7E-43CD-8F7A-EF15AB037490}.Debug|x86.Build.0 = Debug|Win32
		{BBB3CD39-1D7E-43CD-8F7A-EF15AB037490}.DebugGraphics|x64.ActiveCfg = Retail|x64
		{BBB3CD39-1D7E-43CD-8F7A-EF15AB037490}.DebugGraphics|x64.Build.0 = Retail|x64
		{BBB3CD39-1D7E-43CD-8F7A-EF15AB037490}.DebugGraphics|x86.ActiveCfg = DebugGraphics|Win32
		{BBB3CD39-1D7E-43CD-8F7A-EF15AB037490}.DebugGraphics|x86.Build.0 = DebugGraphics|Win32
		{BBB3CD39-1D7E-43CD-8F7A-EF15AB037490}.Release|x64.ActiveCfg = Retail|x64
		{BBB3CD39-1D7E-43CD-8F7A-EF15AB037490}.Release|x64.Build.0 = Retail|x64
		{BBB3CD39-1D7E-43CD-8F7A-EF15AB037490}.Release|x86.ActiveCfg = Release|Win32
		{BBB3CD39-1D7E-43CD-8F7A-EF15AB037490}.Release|x86.Build.0 = Release|Win32
		{BBB3CD39-1D7E-43CD-8F7A-EF15AB037490}.Retail|x64.ActiveCfg = Retail|x64
		{BBB3CD39-1D7E-43CD-8F7A-EF15AB037490}.Retail|x64.Build.0 = Retail|x64
		{BBB3CD39-1D7E-43CD-8F7A-EF15AB037490}.Retail|x86.ActiveCfg = Retail|Win32
		{BBB3CD39-1D7E-43CD-8F7A-EF15AB037490}.Retail|x86.Build.0 = Retail|Win32
		{446A9C88-022C-4488-A92B-43BFAE2C7E6C}.Debug|x64.ActiveCfg = Retail|x64
		{446A9C88-022C-4488-A92B-43BFAE2C7E6C}.Debug|x64.Build.0 = Retail|x64
		{446A9C88-022C-4488-A92B-43BFAE2C7E6C}.Debug|x86.ActiveCfg = Debug|Win32
		{446A9C88-022C-4488-A92B-43BFAE2C7E6C}.Debug|x86.Build.0 = Debug|Win32
		{446A9C88-022C-4488-A92B-43BFAE2C7E6C}.DebugGraphics|x64.ActiveCfg = Retail|x64
		{446A9C88-022C-4488-A92B-43BFAE2C7E6C}.DebugGraphics|x64.Build.0 = Retail|x64
		{446A9C88-022C-4488-A92B-43BFAE2C7E6C}.DebugGraphics|x86.ActiveCfg = DebugGraphics|Win32
		{446A9C88-022C-4488-A92B-43BFAE2C7E6C}.DebugGraphics|x86.Build.0 = DebugGraphics|Win32
		{446A9C88-022C-4488-A92B-43BFAE2C7E6C}.Release|x64.ActiveCfg = Retail|x64
		{446A9C88-022C-4488-A92B-43BFAE2C7E6C}.Release|x64.Build.0 = Retail|x64
		{446A9C88-022C-4488-A92B-43BFAE2C7E6C}.Release|x86.ActiveCfg = Release|Win32
		{446A9C88-022C-4488-A92B-43BFAE2C7E6C}.Release|x86.Build.0 = Release|Win32
		{446A9C88-022C-4488-A92B-43BFAE2C7E6C}.Retail|x64.ActiveCfg = Retail|x64
		{446A9C88-022C-4488-A92B-43BFAE2C7E6C}.Retail|x64.Build.0 = Retail|x64
		{446A9C88-022C-4488-A92B-43BFAE2C7E6C}.Retail|x86.ActiveCfg = Retail|Win32
		{446A9C88-022C-4488-A92B-43BFAE2C7E6C}.Retail|x86.Build.0 = Retail|Win32
		{162DC6AD-6BA8-4E1B-B2F6-D5CFB43A14BF}.Debug|x64.ActiveCfg = Retail|x64
		{162DC6AD-6BA8-4E1B-B2F6-D5CFB43A14BF}.Debug|x64.Build.0 = Retail|x64
		{162DC6AD-6BA8-4E1B-B2F6-D5CFB43A14BF}.Debug|x86.ActiveCfg = Debug|Win32
		{162DC6AD-6BA8-4E1B-B2F6-D5CFB43A14BF}.Debug|x86.Build.0 = Debug|Win32
		{162DC6AD-6BA8-4E1B-B2F6-D5CFB43A14BF}.DebugGraphics|x64.ActiveCfg = Retail|x64
		{162DC6AD-6BA8-4E1B-B2F6-D5CFB43A14BF}.DebugGraphics|x64.Build.0 = Retail|x64
		{162DC6AD-6BA8-4E1B-B2F6-D5CFB43A14BF}.DebugGraphics|x86.ActiveCfg = DebugGraphics|Win32
		{162DC6AD-6BA8-4E1B-B2F6-D5CFB43A14BF}.DebugGraphics|x86.Build.0 = DebugGraphics|Win32
		{162DC6AD-6BA8-4E1B-B2F6-D5CFB43A14BF}.Release|x64.ActiveCfg = Retail|x64
		{162DC6AD-6BA8-4E1B-B2F6-D5CFB43A14BF}.Release|x64.Build.0 = Retail|x64
		{162DC6AD-6BA8-4E1B-B2F6-D5CFB43A14BF}.Release|x86.ActiveCfg = Release|Win32
		{162DC6AD-6BA8-4E1B-B2F6-D5CFB43A14BF}.Release|x86.Build.0 = Release|Win32
		{162DC6AD-6BA8-4E1B-B2F6-D5CFB43A14BF}.Retail|x64.ActiveCfg = Retail|x64
		{162DC6AD-6BA8-4E1B-B2F6-D5CFB43A14BF}.Retail|x64.Build.0 = Retail|x64
		{162DC6AD-6BA8-4E1B-B2F6-D5CFB43A14BF}.Retail|x86.ActiveCfg = Retail|Win32
		{162DC6AD-6BA8-4E1B-B2F6-D5CFB43A14BF}.Retail|x86.Build.0 = Retail|Win32
		{B001D18D-76CD-4735-B19F-601CB1BCAB04}.Debug|x64.ActiveCfg = Retail|x64
		{B001D18D-76CD-4735-B19F-601CB1BCAB04}.Debug|x64.Build.0 = Retail|x64
		{B001D18D-76CD-4735-B19F-601CB1BCAB04}.Debug|x86.ActiveCfg = Debug|Win32
		{B001D18D-76CD-4735-B19F-601CB1BCAB04}.Debug|x86.Build.0 = Debug|Win32
		{B001D18D-76CD-4735-B19F-601CB1BCAB04}.DebugGraphics|x64.ActiveCfg = Retail|x64
		{B001D18D-76CD-4735-B19F-601CB1BCAB04}.DebugGraphics|x64.Build.0 = Retail|x64
		{B001D18D-76CD-4735-B19F-601CB1BCAB04}.DebugGraphics|x86.ActiveCfg = DebugGraphics|Win32
		{B001D18D-76CD-4735-B19F-601CB1BCAB04}.DebugGraphics|x86.Build.0 = DebugGraphics|Win32
		{B001D18D-76CD-4735-B19F-601CB1BCAB04}.Release|x64.ActiveCfg = Retail|x64
		{B001D18D-76CD-4735-B19F-601CB1BCAB04}.Release|x64.Build.0 = Retail|x64
		{B001D18D-76CD-4735-B19F-601CB1BCAB04}.Release|x86.ActiveCfg = Release|Win32
		{B001D18D-76CD-4735-B19F-601CB1BCAB04}.Release|x86.Build.0 = Release|Win32
		{B001D18D-76CD-4735-B19F-601CB1BCAB04}.Retail|x64.ActiveCfg = Retail|x64
		{B001D18D-76CD-4735-B19F-601CB1BCAB04}.Retail|x64.Build.0 = Retail|x64
		{B001D18D-76CD-4735-B19F-601CB1BCAB04}.Retail|x86.ActiveCfg = Retail|Win32
		{B001D18D-76CD-4735-B19F-601CB1BCAB04}.Retail|x86.Build.0 = Retail|Win32
		{B5915C8F-2AEF-4137-BCBE-152F819860CD}.Debug|x64.ActiveCfg = Retail|x64
		{B5915C8F-2AEF-4137-BCBE-152F819860CD}.Debug|x64.Build.0 = Retail|x64
		{B5915C8F-2AEF-4137-BCBE-152F819860CD}.Debug|x86.ActiveCfg = Debug|Win32
		{B5915C8F-2AEF-4137-BCBE-152F819860CD}.Debug|x86.Build.0 = Debug|Win32
		{B5915C8F-2AEF-4137-BCBE-152F819860CD}.DebugGraphics|x64.ActiveCfg = Retail|x64
		{B5915C8F-2AEF-4137-BCBE-152F819860CD}.DebugGraphics|x64.Build.0 = Retail|x64
		{B5915C8F-2AEF-4137-BCBE-152F819860CD}.DebugGraphics|x86.ActiveCfg = DebugGraphics|Win32
		{B5915C8F-2AEF-4137-BCBE-152F819860CD}.DebugGraphics|x86.Build.0 = DebugGraphics|Win32
		{B5915C8F-2AEF-4137-BCBE-152F819860CD}.Release|x64.ActiveCfg = Retail|x64
		{B5915C8F-2AEF-4137-BCBE-152F819860CD}.Release|x64.Build.0 = Retail|x64
		{B5915C8F-2AEF-4137-BCBE-152F819860CD}.Release|x86.ActiveCfg = Release|Win32
		{B5915C8F-2AEF-4137-BCBE-152F819860CD}.Release|x86.Build.0 = Release|Win32
		{B5915C8F-2AEF-4137-BCBE-152F819860CD}.Retail|x64.ActiveCfg = Retail|x64
		{B5915C8F-2AEF-4137-BCBE-152F819860CD}.Retail|x64.Build.0 = Retail|x64
		{B5915C8F-2AEF-4137-BCBE-152F819860CD}.Retail|x86.ActiveCfg = Release|Win32
		{B5915C8F-2AEF-4137-BCBE-152F819860CD}.Retail|x86.Build.0 = Release|Win32
		{E0B52AE7-E160-4D32-BF3F-910B785E5A8E}.Debug|x64.ActiveCfg = Retail|x64
		{E0B52AE7-E160-4D32-BF3F-910B785E5A8E}.Debug|x64.Build.0 = Retail|x64
		{E0B52AE7-E160-4D32-BF3F-910B785E5A8E}.Debug|x86.ActiveCfg = Debug|Win32
		{E0B52AE7-E160-4D32-BF3F-910B785E5A8E}.Debug|x86.Build.0 = Debug|Win32
		{E0B52AE7-E160-4D32-BF3F-910B785E5A8E}.DebugGraphics|x64.ActiveCfg = Retail|x64
		{E0B52AE7-E160-4D32-BF3F-910B785E5A8E}.DebugGraphics|x64.Build.0 = Retail|x64
		{E0B52AE7-E160-4D32-BF3F-910B785E5A8E}.DebugGraphics|x86.ActiveCfg = DebugGraphics|Win32
		{E0B52AE7-E160-4D32-BF3F-910B785E5A8E}.DebugGraphics|x86.Build.0 = DebugGraphics|Win32
		{E0B52AE7-E160-4D32-BF3F-910B785E5A8E}.Release|x64.ActiveCfg = Retail|x64
		{E0B52AE7-E160-4D32-BF3F-910B785E5A8E}.Release|x64.Build.0 = Retail|x64
		{E0B52AE7-E160-4D32-BF3F-910B785E5A8E}.Release|x86.ActiveCfg = Release|Win32
		{E0B52AE7-E160-4D32-BF3F-910B785E5A8E}.Release|x86.Build.0 = Release|Win32
		{E0B52AE7-E160-4D32-BF3F-910B785E5A8E}.Retail|x64.ActiveCfg = Retail|x64
		{E0B52AE7-E160-4D32-BF3F-910B785E5A8E}.Retail|x64.Build.0 = Retail|x64
		{E0B52AE7-E160-4D32-BF3F-910B785E5A8E}.Retail|x86.ActiveCfg = Release|Win32
		{E0B52AE7-E160-4D32-BF3F-910B785E5A8E}.Retail|x86.Build.0 = Release|Win32
		{8AD147C2-CC4C-4692-876D-0C30C63D8F77}.Debug|x64.ActiveCfg = Retail|x64
		{8AD147C2-CC4C-4692-876D-0C30C63D8F77}.Debug|x64.Build.0 = Retail|x64
		{8AD147C2-CC4C-4692-876D-0C30C63D8F77}.Debug|x86.ActiveCfg = Debug|Win32
		{8AD147C2-CC4C-4692-876D-0C30C63D8F77}.Debug|x86.Build.0 = Debug|Win32
		{8AD147C2-CC4C-4692-876D-0C30C63D8F77}.DebugGraphics|x64.ActiveCfg = Retail|x64
		{8AD147C2-CC4C-4692-876D-0C30C63D8F77}.DebugGraphics|x64.Build.0 = Retail|x64
		{8AD147C2-CC4C-4692-876D-0C30C63D8F77}.DebugGraphics|x86.ActiveCfg = Debug|Win32
		{8AD147C2-CC4C-4692-876D-0C30C63D8F77}.DebugGraphics|x86.Build.0 = Debug|Win32
		{8AD147C2-CC4C-4692-876D-0C30C63D8F77}.Release|x64.ActiveCfg = Retail|x64
		{8AD147C2-CC4C-4692-876D-0C30C63D8F77}.Release|x64.Build.0 = Retail|x64
		{8AD147C2-CC4C-4692-876D-0C30C63D8F77}.Release|x86.ActiveCfg = Release|Win32
		{8AD147C2-CC4C-4692-876D-0C30C63D8F77}.Release|x86.Build.0 = Release|Win32
		{8AD147C2-CC4C-4692-876D-0C30C63D8F77}.Retail|x64.ActiveCfg = Retail|x64
		{8AD147C2-CC4C-4692-876D-0C30C63D8F77}.Retail|x64.Build.0 = Retail|x64
		{8AD147C2-CC4C-4692-876D-0C30C63D8F77}.Retail|x86.ActiveCfg = Release|Win32
		{8AD147C2-CC4C-4692-876D-0C30C63D8F77}.Retail|x86.Build.0 = Release|Win32
		{E2E48E82-0659-4A29-AADE-62B9E65BAE3D}.Debug|x64.ActiveCfg = Retail|x64
		{E2E48E82-0659-4A29-AADE-62B9E65BAE3D}.Debug|x64.Build.0 = Retail|x64
		{E2E48E82-0659-4A29-AADE-62B9E65BAE3D}.Debug|x86.ActiveCfg = Debug|Win32
		{E2E48E82-0659-4A29-AADE-62B9E65BAE3D}.Debug|x86.Build.0 = Debug|Win32
		{E2E48E82-0659-4A29-AADE-62B9E65BAE3D}.DebugGraphics|x64.ActiveCfg = Retail|x64
		{E2E48E82-0659-4A29-AADE-62B9E65BAE3D}.DebugGraphics|x64.Build.0 = Retail|x64
		{E2E48E82-0659-4A29-AADE-62B9E65BAE3D}.DebugGraphics|x86.ActiveCfg = Debug|Win32
		{E2E48E82-0659-4A29-AADE-62B9E65BAE3D}.DebugGraphics|x86.Build.0 = Debug|Win32
		{E2E48E82-0659-4A29-AADE-62B9E65BAE3D}.Release|x64.ActiveCfg = Retail|x64
		{E2E48E82-0659-4A29-AADE-62B9E65BAE3D}.Release|x64.Build.0 = Retail|x64
		{E2E48E82-0659-4A29-AADE-62B9E65BAE3D}.Release|x86.ActiveCfg = Release|Win32
		{E2E48E82-0659-4A29-AADE-62B9E65BAE3D}.Release|x86.Build.0 = Release|Win32
		{E2E48E82-0659-4A29-AADE-62B9E65BAE3D}.Retail|x64.ActiveCfg = Retail|x64
		{E2E48E82-0659-4A29-AADE-62B9E65BAE3D}.Retail|x64.Build.0 = Retail|x64
		{E2E48E82-0659-4A29-AADE-62B9E65BAE3D}.Retail|x86.ActiveCfg = Release|Win32
		{E2E48E82-0659-4A29-AADE-62B9E65BAE3D}.Retail|x86.Build.0 = Release|Win32
		{51D17B1B-7D97-4DA8-A902-F17D6DE138CE}.Debug|x64.ActiveCfg = Retail|x64
		{51D17B1B-7D97-4DA8-A902-F17D6DE138CE}.Debug|x64.Build.0 = Retail|x64
		{51D17B1B-7D97-4DA8-A902-F17D6DE138CE}.Debug|x86.ActiveCfg = Debug|Win32
		{51D17B1B-7D97-4DA8-A902-F17D6DE138CE}.Debug|x86.Build.0 = Debug|Win32
		{51D17B1B-7D97-4DA8-A902-F17D6DE138CE}.DebugGraphics|x64.ActiveCfg = Retail|x64
		{51D17B1B-7D97-4DA8-A902-F17D6DE138CE}.DebugGraphics|x64.Build.0 = Retail|x64
		{51D17B1B-7D97-4DA8-A902-F17D6DE138CE}.DebugGraphics|x86.ActiveCfg = Debug|Win32
		{51D17B1B-7D97-4DA8-A902-F17D6DE138CE}.DebugGraphics|x86.Build.0 = Debug|Win32
		{51D17B1B-7D97-4DA8-A902-F17D6DE138CE}.Release|x64.ActiveCfg = Retail|x64
		{51D17B1B-7D97-4DA8-A902-F17D6DE138CE}.Release|x64.Build.0 = Retail|x64
		{51D17B1B-7D97-4DA8-A902-F17D6DE138CE}.Release|x86.ActiveCfg = Release|Win32
		{51D17B1B-7D97-4DA8-A902-F17D6DE138CE}.Release|x86.Build.0 = Release|Win32
		{51D17B1B-7D97-4DA8-A902-F17D6DE138CE}.Retail|x64.ActiveCfg = Retail|x64
		{51D17B1B-7D97-4DA8-A902-F17D6DE138CE}.Retail|x64.Build.0 = Retail|x64
		{51D17B1B-7D97-4DA8-A902-F17D6DE138CE}.Retail|x86.ActiveCfg = Release|Win32
		{51D17B1B-7D97-4DA8-A902-F17D6DE138CE}.Retail|x86.Build.0 = Release|Win32
		{1F058F72-D28B-4C62-A74E-F5395F6C35A8}.Debug|x64.ActiveCfg = Retail|x64
		{1F058F72-D28B-4C62-A74E-F5395F6C35A8}.Debug|x64.Build.0 = Retail|x64
		{1F058F72-D28B-4C62-A74E-F5395F6C35A8}.Debug|x86.ActiveCfg = Debug|Win32
		{1F058F72-D28B-4C62-A74E-F5395F6C35A8}.Debug|x86.Build.0 = Debug|Win32
		{1F058F72-D28B-4C62-A74E-F5395F6C35A8}.DebugGraphics|x64.ActiveCfg = Retail|x64
		{1F058F72-D28B-4C62-A74E-F5395F6C35A8}.DebugGraphics|x64.Build.0 = Retail|x64
		{1F058F72-D28B-4C62-A74E-F5395F6C35A8}.DebugGraphics|x86.ActiveCfg = Debug|Win32
		{1F058F72-D28B-4C62-A74E-F5395F6C35A8}.DebugGraphics|x86.Build.0 = Debug|Win32
		{1F058F72-D28B-4C62-A74E-F5395F6C35A8}.Release|x64.ActiveCfg = Retail|x64
		{1F058F72-D28B-4C62-A74E-F5395F6C35A8}.Release|x64.Build.0 = Retail|x64
		{1F058F72-D28B-4C62-A74E-F5395F6C35A8}.Release|x86.ActiveCfg = Release|Win32
		{1F058F72-D28B-4C62-A74E-F5395F6C35A8}.Release|x86.Build.0 = Release|Win32
		{1F058F72-D28B-4C62-A74E-F5395F6C35A8}.Retail|x64.ActiveCfg = Retail|x64
		{1F058F72-D28B-4C62-A74E-F5395F6C35A8}.Retail|x64.Build.0 = Retail|x64
		{1F058F72-D28B-4C62-A74E-F5395F6C35A8}.Retail|x86.ActiveCfg = Release|Win32
		{1F058F72-D28B-4C62-A74E-F5395F6C35A8}.Retail|x86.Build.0 = Release|Win32
		{461E0775-B5E4-4A23-80D3-DD69C07A44FA}.Debug|x64.ActiveCfg = Release|x64
		{461E0775-B5E4-4A23-80D3-DD69C07A44FA}.Debug|x64.Build.0 = Release|x64
		{461E0775-B5E4-4A23-80D3-DD69C07A44FA}.Debug|x86.ActiveCfg = Debug|Win32
		{461E0775-B5E4-4A23-80D3-DD69C07A44FA}.Debug|x86.Build.0 = Debug|Win32
		{461E0775-B5E4-4A23-80D3-DD69C07A44FA}.DebugGraphics|x64.ActiveCfg = Release|x64
		{461E0775-B5E4-4A23-80D3-DD69C07A44FA}.DebugGraphics|x64.Build.0 = Release|x64
		{461E0775-B5E4-4A23-80D3-DD69C07A44FA}.DebugGraphics|x86.ActiveCfg = Debug|Win32
		{461E0775-B5E4-4A23-80D3-DD69C07A44FA}.DebugGraphics|x86.Build.0 = Debug|Win32
		{461E0775-B5E4-4A23-80D3-DD69C07A44FA}.Release|x64.ActiveCfg = Release|x64
		{461E0775-B5E4-4A23-80D3-DD69C07A44FA}.Release|x64.Build.0 = Release|x64
		{461E0775-B5E4-4A23-80D3-DD69C07A44FA}.Release|x86.ActiveCfg = Release|Win32
		{461E0775-B5E4-4A23-80D3-DD69C07A44FA}.Release|x86.Build.0 = Release|Win32
		{461E0775-B5E4-4A23-80D3-DD69C07A44FA}.Retail|x64.ActiveCfg = Release|x64
		{461E0775-B5E4-4A23-80D3-DD69C07A44FA}.Retail|x64.Build.0 = Release|x64
		{461E0775-B5E4-4A23-80D3-DD69C07A44FA}.Retail|x86.ActiveCfg = Release|Win32
		{461E0775-B5E4-4A23-80D3-DD69C07A44FA}.Retail|x86.Build.0 = Release|Win32
		{ADBD4EB5-E36B-4338-90DD-53C299C9F77C}.Debug|x64.ActiveCfg = Release|x64
		{ADBD4EB5-E36B-4338-90DD-53C299C9F77C}.Debug|x64.Build.0 = Release|x64
		{ADBD4EB5-E36B-4338-90DD-53C299C9F77C}.Debug|x86.ActiveCfg = Debug|Win32
		{ADBD4EB5-E36B-4338-90DD-53C299C9F77C}.Debug|x86.Build.0 = Debug|Win32
		{ADBD4EB5-E36B-4338-90DD-53C299C9F77C}.DebugGraphics|x64.ActiveCfg = Release|x64
		{ADBD4EB5-E36B-4338-90DD-53C299C9F77C}.DebugGraphics|x64.Build.0 = Release|x64
		{ADBD4EB5-E36B-4338-90DD-53C299C9F77C}.DebugGraphics|x86.ActiveCfg = Debug|Win32
		{ADBD4EB5-E36B-4338-90DD-53C299C9F77C}.DebugGraphics|x86.Build.0 = Debug|Win32
		{ADBD4EB5-E36B-4338-90DD-53C299C9F77C}.Release|x64.ActiveCfg = Release|x64
		{ADBD4EB5-E36B-4338-90DD-53C299C9F77C}.Release|x64.Build.0 = Release|x64
		{ADBD4EB5-E36B-4338-90DD-53C299C9F77C}.Release|x86.ActiveCfg = Release|Win32
		{ADBD4EB5-E36B-4338-90DD-53C299C9F77C}.Release|x86.Build.0 = Release|Win32
		{ADBD4EB5-E36B-4338-90DD-53C299C9F77C}.Retail|x64.ActiveCfg = Release|x64
		{ADBD4EB5-E36B-4338-90DD-53C299C9F77C}.Retail|x64.Build.0 = Release|x64
		{ADBD4EB5-E36B-4338-90DD-53C299C9F77C}.Retail|x86.ActiveCfg = Release|Win32
		{ADBD4EB5-E36B-4338-90DD-53C299C9F77C}.Retail|x86.Build.0 = Release|Win32
		{DF7198AB-1F25-4CE1-BAED-6A8BA762A249}.Debug|x64.ActiveCfg = Release|x64
		{DF7198AB-1F25-4CE1-BAED-6A8BA762A249}.Debug|x64.Build.0 = Release|x64
		{DF7198AB-1F25-4CE1-BAED-6A8BA762A249}.Debug|x86.ActiveCfg = Debug|Win32
		{DF7198AB-1F25-4CE1-BAED-6A8BA762A249}.Debug|x86.Build.0 = Debug|Win32
		{DF7198AB-1F25-4CE1-BAED-6A8BA762A249}.DebugGraphics|x64.ActiveCfg = Release|x64
		{DF7198AB-1F25-4CE1-BAED-6A8BA762A249}.DebugGraphics|x64.Build.0 = Release|x64
		{DF7198AB-1F25-4CE1-BAED-6A8BA762A249}.DebugGraphics|x86.ActiveCfg = Debug|Win32
		{DF7198AB-1F25-4CE1-BAED-6A8BA762A249}.DebugGraphics|x86.Build.0 = Debug|Win32
		{DF7198AB-1F25-4CE1-BAED-6A8BA762A249}.Release|x64.ActiveCfg = Release|x64
		{DF7198AB-1F25-4CE1-BAED-6A8BA762A249}.Release|x64.Build.0 = Release|x64
		{DF7198AB-1F25-4CE1-BAED-6A8BA762A249}.Release|x86.ActiveCfg = Release|Win32
		{DF7198AB-1F25-4CE1-BAED-6A8BA762A249}.Release|x86.Build.0 = Release|Win32
		{DF7198AB-1F25-4CE1-BAED-6A8BA762A249}.Retail|x64.ActiveCfg = Release|x64
		{DF7198AB-1F25-4CE1-BAED-6A8BA762A249}.Retail|x64.Build.0 = Release|x64
		{DF7198AB-1F25-4CE1-BAED-6A8BA762A249}.Retail|x86.ActiveCfg = Release|Win32
		{DF7198AB-1F25-4CE1-BAED-6A8BA762A249}.Retail|x86.Build.0 = Release|Win32
	EndGlobalSection
	GlobalSection(SolutionProperties) = preSolution
		HideSolutionNode = FALSE
	EndGlobalSection
EndGlobal
