<?xml version="1.0" encoding="utf-8"?>
<Project ToolsVersion="4.0" xmlns="http://schemas.microsoft.com/developer/msbuild/2003">
  <ItemGroup>
    <Filter Include="Resource Files">
      <UniqueIdentifier>{67DA6AB6-F800-4c08-8B7A-83BB121AAD01}</UniqueIdentifier>
      <Extensions>rc;ico;cur;bmp;dlg;rc2;rct;bin;rgs;gif;jpg;jpeg;jpe;resx;tiff;tif;png;wav;mfcribbon-ms</Extensions>
    </Filter>
    <Filter Include="Trigger">
      <UniqueIdentifier>{fccb2be5-2d45-4855-a205-1ef4e88eddd2}</UniqueIdentifier>
    </Filter>
    <Filter Include="Manager">
      <UniqueIdentifier>{ed4aa8bb-7499-4689-9d83-4372a8e1a340}</UniqueIdentifier>
    </Filter>
    <Filter Include="Precompiled">
      <UniqueIdentifier>{911a1133-df73-4043-95e4-582d70243e65}</UniqueIdentifier>
    </Filter>
  </ItemGroup>
  <ItemGroup>
    <ClCompile Include="TriggerVolume.cpp">
      <Filter>Trigger</Filter>
    </ClCompile>
    <ClCompile Include="TriggerVolumeManager.cpp">
      <Filter>Manager</Filter>
    </ClCompile>
    <ClCompile Include="stdafx.cpp">
      <Filter>Precompiled</Filter>
    </ClCompile>
    <ClCompile Include="TriggerSphere.cpp">
      <Filter>Trigger</Filter>
    </ClCompile>
    <ClCompile Include="TriggerBox.cpp">
      <Filter>Trigger</Filter>
    </ClCompile>
  </ItemGroup>
  <ItemGroup>
    <ClInclude Include="TriggerVolume.h">
      <Filter>Trigger</Filter>
    </ClInclude>
    <ClInclude Include="TriggerVolumeManager.h">
      <Filter>Manager</Filter>
    </ClInclude>
    <ClInclude Include="stdafx.h">
      <Filter>Precompiled</Filter>
    </ClInclude>
    <ClInclude Include="TriggerSphere.h">
      <Filter>Trigger</Filter>
    </ClInclude>
    <ClInclude Include="TriggerBox.h">
      <Filter>Trigger</Filter>
    </ClInclude>
  </ItemGroup>
</Project>