<?xml version="1.0" encoding="utf-8"?>
<Project ToolsVersion="4.0" xmlns="http://schemas.microsoft.com/developer/msbuild/2003">
  <ItemGroup>
    <Filter Include="Header Files">
      <UniqueIdentifier>{93995380-89BD-4b04-88EB-625FBE52EBFB}</UniqueIdentifier>
      <Extensions>h;hh;hpp;hxx;hm;inl;inc;xsd</Extensions>
    </Filter>
    <Filter Include="Resource Files">
      <UniqueIdentifier>{67DA6AB6-F800-4c08-8B7A-83BB121AAD01}</UniqueIdentifier>
      <Extensions>rc;ico;cur;bmp;dlg;rc2;rct;bin;rgs;gif;jpg;jpeg;jpe;resx;tiff;tif;png;wav;mfcribbon-ms</Extensions>
    </Filter>
    <Filter Include="Precompiled">
      <UniqueIdentifier>{8fd809c7-978d-4cf7-8374-979f5dc56c97}</UniqueIdentifier>
    </Filter>
    <Filter Include="Scripting">
      <UniqueIdentifier>{d05c585e-108e-4db6-a85c-915be01f1f1f}</UniqueIdentifier>
    </Filter>
    <Filter Include="Launcher">
      <UniqueIdentifier>{4613bc03-6c81-4e7c-8667-b67df4a5143c}</UniqueIdentifier>
    </Filter>
  </ItemGroup>
  <ItemGroup>
    <ClCompile Include="stdafx.cpp">
      <Filter>Precompiled</Filter>
    </ClCompile>
    <ClCompile Include="LuaExposedFunction.cpp">
      <Filter>Scripting</Filter>
    </ClCompile>
    <ClCompile Include="LuaExposedVariableWrapper.cpp">
      <Filter>Scripting</Filter>
    </ClCompile>
    <ClCompile Include="main.cpp" />
    <ClCompile Include="CorgiEngineLauncher.cpp">
      <Filter>Launcher</Filter>
    </ClCompile>
    <ClCompile Include="ScriptLoader.cpp">
      <Filter>Scripting</Filter>
    </ClCompile>
  </ItemGroup>
  <ItemGroup>
    <ClInclude Include="UnitTest.h">
      <Filter>Header Files</Filter>
    </ClInclude>
    <ClInclude Include="resource.h">
      <Filter>Header Files</Filter>
    </ClInclude>
    <ClInclude Include="stdafx.h">
      <Filter>Precompiled</Filter>
    </ClInclude>
    <ClInclude Include="LuaExposedFunction.h">
      <Filter>Scripting</Filter>
    </ClInclude>
    <ClInclude Include="LuaExposedVariableWrapper.h">
      <Filter>Scripting</Filter>
    </ClInclude>
    <ClInclude Include="CorgiEngineLauncher.h">
      <Filter>Launcher</Filter>
    </ClInclude>
    <ClInclude Include="ScriptLoader.h">
      <Filter>Scripting</Filter>
    </ClInclude>
  </ItemGroup>
  <ItemGroup>
    <ResourceCompile Include="Launcher.rc">
      <Filter>Resource Files</Filter>
    </ResourceCompile>
  </ItemGroup>
  <ItemGroup>
    <Image Include="icon.ico">
      <Filter>Resource Files</Filter>
    </Image>
  </ItemGroup>
  <ItemGroup>
    <None Include="cursor.cur">
      <Filter>Resource Files</Filter>
    </None>
    <None Include="cursor1.cur">
      <Filter>Resource Files</Filter>
    </None>
    <None Include="cursor2.cur">
      <Filter>Resource Files</Filter>
    </None>
    <None Include="birb.cur">
      <Filter>Resource Files</Filter>
    </None>
  </ItemGroup>
</Project>